// !$*UTF8*$!
{
	archiveVersion = 1;
	classes = {
	};
	objectVersion = 55;
	objects = {

/* Begin PBXBuildFile section */
		7106176628D95E6700B366DE /* AppDelegate.swift in Sources */ = {isa = PBXBuildFile; fileRef = 7106176528D95E6700B366DE /* AppDelegate.swift */; };
		7106176828D95E6700B366DE /* SceneDelegate.swift in Sources */ = {isa = PBXBuildFile; fileRef = 7106176728D95E6700B366DE /* SceneDelegate.swift */; };
		7106176A28D95E6700B366DE /* ViewController.swift in Sources */ = {isa = PBXBuildFile; fileRef = 7106176928D95E6700B366DE /* ViewController.swift */; };
		7106176D28D95E6700B366DE /* Main.storyboard in Resources */ = {isa = PBXBuildFile; fileRef = 7106176B28D95E6700B366DE /* Main.storyboard */; };
		7106177028D95E6700B366DE /* LiveWallpaperr.xcdatamodeld in Sources */ = {isa = PBXBuildFile; fileRef = 7106176E28D95E6700B366DE /* LiveWallpaperr.xcdatamodeld */; };
		7106177228D95E6800B366DE /* Assets.xcassets in Resources */ = {isa = PBXBuildFile; fileRef = 7106177128D95E6800B366DE /* Assets.xcassets */; };
		7106177528D95E6800B366DE /* LaunchScreen.storyboard in Resources */ = {isa = PBXBuildFile; fileRef = 7106177328D95E6800B366DE /* LaunchScreen.storyboard */; };
		7106178028D95E6800B366DE /* LiveWallpaperrTests.swift in Sources */ = {isa = PBXBuildFile; fileRef = 7106177F28D95E6800B366DE /* LiveWallpaperrTests.swift */; };
		7106178A28D95E6800B366DE /* LiveWallpaperrUITests.swift in Sources */ = {isa = PBXBuildFile; fileRef = 7106178928D95E6800B366DE /* LiveWallpaperrUITests.swift */; };
		7106178C28D95E6800B366DE /* LiveWallpaperrUITestsLaunchTests.swift in Sources */ = {isa = PBXBuildFile; fileRef = 7106178B28D95E6800B366DE /* LiveWallpaperrUITestsLaunchTests.swift */; };
		710617A028D9612C00B366DE /* customTableViewCell.swift in Sources */ = {isa = PBXBuildFile; fileRef = 7106179E28D9612C00B366DE /* customTableViewCell.swift */; };
		710617A128D9612C00B366DE /* customTableViewCell.xib in Resources */ = {isa = PBXBuildFile; fileRef = 7106179F28D9612C00B366DE /* customTableViewCell.xib */; };
		710617A528D9676700B366DE /* headerSectionCell.swift in Sources */ = {isa = PBXBuildFile; fileRef = 710617A328D9676700B366DE /* headerSectionCell.swift */; };
		710617A628D9676700B366DE /* headerSectionCell.xib in Resources */ = {isa = PBXBuildFile; fileRef = 710617A428D9676700B366DE /* headerSectionCell.xib */; };
		710617B328D9904100B366DE /* DetailsViewController.swift in Sources */ = {isa = PBXBuildFile; fileRef = 710617B228D9904100B366DE /* DetailsViewController.swift */; };
		710617B528D9904C00B366DE /* Details.storyboard in Resources */ = {isa = PBXBuildFile; fileRef = 710617B428D9904C00B366DE /* Details.storyboard */; };
/* End PBXBuildFile section */

/* Begin PBXContainerItemProxy section */
		7106177C28D95E6800B366DE /* PBXContainerItemProxy */ = {
			isa = PBXContainerItemProxy;
			containerPortal = 7106175A28D95E6700B366DE /* Project object */;
			proxyType = 1;
			remoteGlobalIDString = 7106176128D95E6700B366DE;
			remoteInfo = LiveWallpaperr;
		};
		7106178628D95E6800B366DE /* PBXContainerItemProxy */ = {
			isa = PBXContainerItemProxy;
			containerPortal = 7106175A28D95E6700B366DE /* Project object */;
			proxyType = 1;
			remoteGlobalIDString = 7106176128D95E6700B366DE;
			remoteInfo = LiveWallpaperr;
		};
/* End PBXContainerItemProxy section */

/* Begin PBXFileReference section */
		7106176228D95E6700B366DE /* LiveWallpaperr.app */ = {isa = PBXFileReference; explicitFileType = wrapper.application; includeInIndex = 0; path = LiveWallpaperr.app; sourceTree = BUILT_PRODUCTS_DIR; };
		7106176528D95E6700B366DE /* AppDelegate.swift */ = {isa = PBXFileReference; lastKnownFileType = sourcecode.swift; path = AppDelegate.swift; sourceTree = "<group>"; };
		7106176728D95E6700B366DE /* SceneDelegate.swift */ = {isa = PBXFileReference; lastKnownFileType = sourcecode.swift; path = SceneDelegate.swift; sourceTree = "<group>"; };
		7106176928D95E6700B366DE /* ViewController.swift */ = {isa = PBXFileReference; lastKnownFileType = sourcecode.swift; path = ViewController.swift; sourceTree = "<group>"; };
		7106176C28D95E6700B366DE /* Base */ = {isa = PBXFileReference; lastKnownFileType = file.storyboard; name = Base; path = Base.lproj/Main.storyboard; sourceTree = "<group>"; };
		7106176F28D95E6700B366DE /* LiveWallpaperr.xcdatamodel */ = {isa = PBXFileReference; lastKnownFileType = wrapper.xcdatamodel; path = LiveWallpaperr.xcdatamodel; sourceTree = "<group>"; };
		7106177128D95E6800B366DE /* Assets.xcassets */ = {isa = PBXFileReference; lastKnownFileType = folder.assetcatalog; path = Assets.xcassets; sourceTree = "<group>"; };
		7106177428D95E6800B366DE /* Base */ = {isa = PBXFileReference; lastKnownFileType = file.storyboard; name = Base; path = Base.lproj/LaunchScreen.storyboard; sourceTree = "<group>"; };
		7106177628D95E6800B366DE /* Info.plist */ = {isa = PBXFileReference; lastKnownFileType = text.plist.xml; path = Info.plist; sourceTree = "<group>"; };
		7106177B28D95E6800B366DE /* LiveWallpaperrTests.xctest */ = {isa = PBXFileReference; explicitFileType = wrapper.cfbundle; includeInIndex = 0; path = LiveWallpaperrTests.xctest; sourceTree = BUILT_PRODUCTS_DIR; };
		7106177F28D95E6800B366DE /* LiveWallpaperrTests.swift */ = {isa = PBXFileReference; lastKnownFileType = sourcecode.swift; path = LiveWallpaperrTests.swift; sourceTree = "<group>"; };
		7106178528D95E6800B366DE /* LiveWallpaperrUITests.xctest */ = {isa = PBXFileReference; explicitFileType = wrapper.cfbundle; includeInIndex = 0; path = LiveWallpaperrUITests.xctest; sourceTree = BUILT_PRODUCTS_DIR; };
		7106178928D95E6800B366DE /* LiveWallpaperrUITests.swift */ = {isa = PBXFileReference; lastKnownFileType = sourcecode.swift; path = LiveWallpaperrUITests.swift; sourceTree = "<group>"; };
		7106178B28D95E6800B366DE /* LiveWallpaperrUITestsLaunchTests.swift */ = {isa = PBXFileReference; lastKnownFileType = sourcecode.swift; path = LiveWallpaperrUITestsLaunchTests.swift; sourceTree = "<group>"; };
		7106179E28D9612C00B366DE /* customTableViewCell.swift */ = {isa = PBXFileReference; lastKnownFileType = sourcecode.swift; path = customTableViewCell.swift; sourceTree = "<group>"; };
		7106179F28D9612C00B366DE /* customTableViewCell.xib */ = {isa = PBXFileReference; lastKnownFileType = file.xib; path = customTableViewCell.xib; sourceTree = "<group>"; };
		710617A328D9676700B366DE /* headerSectionCell.swift */ = {isa = PBXFileReference; lastKnownFileType = sourcecode.swift; path = headerSectionCell.swift; sourceTree = "<group>"; };
		710617A428D9676700B366DE /* headerSectionCell.xib */ = {isa = PBXFileReference; lastKnownFileType = file.xib; path = headerSectionCell.xib; sourceTree = "<group>"; };
		710617B228D9904100B366DE /* DetailsViewController.swift */ = {isa = PBXFileReference; lastKnownFileType = sourcecode.swift; path = DetailsViewController.swift; sourceTree = "<group>"; };
		710617B428D9904C00B366DE /* Details.storyboard */ = {isa = PBXFileReference; lastKnownFileType = file.storyboard; path = Details.storyboard; sourceTree = "<group>"; };
/* End PBXFileReference section */

/* Begin PBXFrameworksBuildPhase section */
		7106175F28D95E6700B366DE /* Frameworks */ = {
			isa = PBXFrameworksBuildPhase;
			buildActionMask = 2147483647;
			files = (
			);
			runOnlyForDeploymentPostprocessing = 0;
		};
		7106177828D95E6800B366DE /* Frameworks */ = {
			isa = PBXFrameworksBuildPhase;
			buildActionMask = 2147483647;
			files = (
			);
			runOnlyForDeploymentPostprocessing = 0;
		};
		7106178228D95E6800B366DE /* Frameworks */ = {
			isa = PBXFrameworksBuildPhase;
			buildActionMask = 2147483647;
			files = (
			);
			runOnlyForDeploymentPostprocessing = 0;
		};
/* End PBXFrameworksBuildPhase section */

/* Begin PBXGroup section */
		7106175928D95E6700B366DE = {
			isa = PBXGroup;
			children = (
				7106176428D95E6700B366DE /* LiveWallpaperr */,
				7106177E28D95E6800B366DE /* LiveWallpaperrTests */,
				7106178828D95E6800B366DE /* LiveWallpaperrUITests */,
				7106176328D95E6700B366DE /* Products */,
			);
			sourceTree = "<group>";
		};
		7106176328D95E6700B366DE /* Products */ = {
			isa = PBXGroup;
			children = (
				7106176228D95E6700B366DE /* LiveWallpaperr.app */,
				7106177B28D95E6800B366DE /* LiveWallpaperrTests.xctest */,
				7106178528D95E6800B366DE /* LiveWallpaperrUITests.xctest */,
			);
			name = Products;
			sourceTree = "<group>";
		};
		7106176428D95E6700B366DE /* LiveWallpaperr */ = {
			isa = PBXGroup;
			children = (
				7106179828D95E7100B366DE /* Model */,
				7106179928D95E7700B366DE /* View */,
				7106179A28D95E7D00B366DE /* Controller */,
				7106179B28D95E8600B366DE /* System */,
				7106177128D95E6800B366DE /* Assets.xcassets */,
				7106177328D95E6800B366DE /* LaunchScreen.storyboard */,
				7106177628D95E6800B366DE /* Info.plist */,
				7106176E28D95E6700B366DE /* LiveWallpaperr.xcdatamodeld */,
			);
			path = LiveWallpaperr;
			sourceTree = "<group>";
		};
		7106177E28D95E6800B366DE /* LiveWallpaperrTests */ = {
			isa = PBXGroup;
			children = (
				7106177F28D95E6800B366DE /* LiveWallpaperrTests.swift */,
			);
			path = LiveWallpaperrTests;
			sourceTree = "<group>";
		};
		7106178828D95E6800B366DE /* LiveWallpaperrUITests */ = {
			isa = PBXGroup;
			children = (
				7106178928D95E6800B366DE /* LiveWallpaperrUITests.swift */,
				7106178B28D95E6800B366DE /* LiveWallpaperrUITestsLaunchTests.swift */,
			);
			path = LiveWallpaperrUITests;
			sourceTree = "<group>";
		};
		7106179828D95E7100B366DE /* Model */ = {
			isa = PBXGroup;
			children = (
			);
			path = Model;
			sourceTree = "<group>";
		};
		7106179928D95E7700B366DE /* View */ = {
			isa = PBXGroup;
			children = (
			);
			path = View;
			sourceTree = "<group>";
		};
		7106179A28D95E7D00B366DE /* Controller */ = {
			isa = PBXGroup;
			children = (
				710617A228D9673600B366DE /* HeaderSectionCell */,
				7106179D28D960F000B366DE /* TableViewCell */,
				710617A728D969C200B366DE /* DetailsVC */,
				7106179C28D960E000B366DE /* HomeVC */,
			);
			path = Controller;
			sourceTree = "<group>";
		};
		7106179B28D95E8600B366DE /* System */ = {
			isa = PBXGroup;
			children = (
				7106176528D95E6700B366DE /* AppDelegate.swift */,
				7106176728D95E6700B366DE /* SceneDelegate.swift */,
			);
			path = System;
			sourceTree = "<group>";
		};
		7106179C28D960E000B366DE /* HomeVC */ = {
			isa = PBXGroup;
			children = (
				7106176928D95E6700B366DE /* ViewController.swift */,
				7106176B28D95E6700B366DE /* Main.storyboard */,
			);
			path = HomeVC;
			sourceTree = "<group>";
		};
		7106179D28D960F000B366DE /* TableViewCell */ = {
			isa = PBXGroup;
			children = (
				7106179E28D9612C00B366DE /* customTableViewCell.swift */,
				7106179F28D9612C00B366DE /* customTableViewCell.xib */,
			);
			path = TableViewCell;
			sourceTree = "<group>";
		};
		710617A228D9673600B366DE /* HeaderSectionCell */ = {
			isa = PBXGroup;
			children = (
				710617A328D9676700B366DE /* headerSectionCell.swift */,
				710617A428D9676700B366DE /* headerSectionCell.xib */,
			);
			path = HeaderSectionCell;
			sourceTree = "<group>";
		};
		710617A728D969C200B366DE /* DetailsVC */ = {
			isa = PBXGroup;
			children = (
				710617B228D9904100B366DE /* DetailsViewController.swift */,
				710617B428D9904C00B366DE /* Details.storyboard */,
			);
			path = DetailsVC;
			sourceTree = "<group>";
		};
/* End PBXGroup section */

/* Begin PBXNativeTarget section */
		7106176128D95E6700B366DE /* LiveWallpaperr */ = {
			isa = PBXNativeTarget;
			buildConfigurationList = 7106178F28D95E6800B366DE /* Build configuration list for PBXNativeTarget "LiveWallpaperr" */;
			buildPhases = (
				7106175E28D95E6700B366DE /* Sources */,
				7106175F28D95E6700B366DE /* Frameworks */,
				7106176028D95E6700B366DE /* Resources */,
			);
			buildRules = (
			);
			dependencies = (
			);
			name = LiveWallpaperr;
			productName = LiveWallpaperr;
			productReference = 7106176228D95E6700B366DE /* LiveWallpaperr.app */;
			productType = "com.apple.product-type.application";
		};
		7106177A28D95E6800B366DE /* LiveWallpaperrTests */ = {
			isa = PBXNativeTarget;
			buildConfigurationList = 7106179228D95E6800B366DE /* Build configuration list for PBXNativeTarget "LiveWallpaperrTests" */;
			buildPhases = (
				7106177728D95E6800B366DE /* Sources */,
				7106177828D95E6800B366DE /* Frameworks */,
				7106177928D95E6800B366DE /* Resources */,
			);
			buildRules = (
			);
			dependencies = (
				7106177D28D95E6800B366DE /* PBXTargetDependency */,
			);
			name = LiveWallpaperrTests;
			productName = LiveWallpaperrTests;
			productReference = 7106177B28D95E6800B366DE /* LiveWallpaperrTests.xctest */;
			productType = "com.apple.product-type.bundle.unit-test";
		};
		7106178428D95E6800B366DE /* LiveWallpaperrUITests */ = {
			isa = PBXNativeTarget;
			buildConfigurationList = 7106179528D95E6800B366DE /* Build configuration list for PBXNativeTarget "LiveWallpaperrUITests" */;
			buildPhases = (
				7106178128D95E6800B366DE /* Sources */,
				7106178228D95E6800B366DE /* Frameworks */,
				7106178328D95E6800B366DE /* Resources */,
			);
			buildRules = (
			);
			dependencies = (
				7106178728D95E6800B366DE /* PBXTargetDependency */,
			);
			name = LiveWallpaperrUITests;
			productName = LiveWallpaperrUITests;
			productReference = 7106178528D95E6800B366DE /* LiveWallpaperrUITests.xctest */;
			productType = "com.apple.product-type.bundle.ui-testing";
		};
/* End PBXNativeTarget section */

/* Begin PBXProject section */
		7106175A28D95E6700B366DE /* Project object */ = {
			isa = PBXProject;
			attributes = {
				BuildIndependentTargetsInParallel = 1;
				LastSwiftUpdateCheck = 1330;
				LastUpgradeCheck = 1330;
				TargetAttributes = {
					7106176128D95E6700B366DE = {
						CreatedOnToolsVersion = 13.3.1;
					};
					7106177A28D95E6800B366DE = {
						CreatedOnToolsVersion = 13.3.1;
						TestTargetID = 7106176128D95E6700B366DE;
					};
					7106178428D95E6800B366DE = {
						CreatedOnToolsVersion = 13.3.1;
						TestTargetID = 7106176128D95E6700B366DE;
					};
				};
			};
			buildConfigurationList = 7106175D28D95E6700B366DE /* Build configuration list for PBXProject "LiveWallpaperr" */;
			compatibilityVersion = "Xcode 13.0";
			developmentRegion = en;
			hasScannedForEncodings = 0;
			knownRegions = (
				en,
				Base,
			);
			mainGroup = 7106175928D95E6700B366DE;
			productRefGroup = 7106176328D95E6700B366DE /* Products */;
			projectDirPath = "";
			projectRoot = "";
			targets = (
				7106176128D95E6700B366DE /* LiveWallpaperr */,
				7106177A28D95E6800B366DE /* LiveWallpaperrTests */,
				7106178428D95E6800B366DE /* LiveWallpaperrUITests */,
			);
		};
/* End PBXProject section */

/* Begin PBXResourcesBuildPhase section */
		7106176028D95E6700B366DE /* Resources */ = {
			isa = PBXResourcesBuildPhase;
			buildActionMask = 2147483647;
			files = (
				710617A628D9676700B366DE /* headerSectionCell.xib in Resources */,
				710617B528D9904C00B366DE /* Details.storyboard in Resources */,
				7106177528D95E6800B366DE /* LaunchScreen.storyboard in Resources */,
				7106177228D95E6800B366DE /* Assets.xcassets in Resources */,
				710617A128D9612C00B366DE /* customTableViewCell.xib in Resources */,
				7106176D28D95E6700B366DE /* Main.storyboard in Resources */,
			);
			runOnlyForDeploymentPostprocessing = 0;
		};
		7106177928D95E6800B366DE /* Resources */ = {
			isa = PBXResourcesBuildPhase;
			buildActionMask = 2147483647;
			files = (
			);
			runOnlyForDeploymentPostprocessing = 0;
		};
		7106178328D95E6800B366DE /* Resources */ = {
			isa = PBXResourcesBuildPhase;
			buildActionMask = 2147483647;
			files = (
			);
			runOnlyForDeploymentPostprocessing = 0;
		};
/* End PBXResourcesBuildPhase section */

/* Begin PBXSourcesBuildPhase section */
		7106175E28D95E6700B366DE /* Sources */ = {
			isa = PBXSourcesBuildPhase;
			buildActionMask = 2147483647;
			files = (
				7106176A28D95E6700B366DE /* ViewController.swift in Sources */,
				7106177028D95E6700B366DE /* LiveWallpaperr.xcdatamodeld in Sources */,
				710617A028D9612C00B366DE /* customTableViewCell.swift in Sources */,
				7106176628D95E6700B366DE /* AppDelegate.swift in Sources */,
				710617B328D9904100B366DE /* DetailsViewController.swift in Sources */,
				710617A528D9676700B366DE /* headerSectionCell.swift in Sources */,
				7106176828D95E6700B366DE /* SceneDelegate.swift in Sources */,
			);
			runOnlyForDeploymentPostprocessing = 0;
		};
		7106177728D95E6800B366DE /* Sources */ = {
			isa = PBXSourcesBuildPhase;
			buildActionMask = 2147483647;
			files = (
				7106178028D95E6800B366DE /* LiveWallpaperrTests.swift in Sources */,
			);
			runOnlyForDeploymentPostprocessing = 0;
		};
		7106178128D95E6800B366DE /* Sources */ = {
			isa = PBXSourcesBuildPhase;
			buildActionMask = 2147483647;
			files = (
				7106178C28D95E6800B366DE /* LiveWallpaperrUITestsLaunchTests.swift in Sources */,
				7106178A28D95E6800B366DE /* LiveWallpaperrUITests.swift in Sources */,
			);
			runOnlyForDeploymentPostprocessing = 0;
		};
/* End PBXSourcesBuildPhase section */

/* Begin PBXTargetDependency section */
		7106177D28D95E6800B366DE /* PBXTargetDependency */ = {
			isa = PBXTargetDependency;
			target = 7106176128D95E6700B366DE /* LiveWallpaperr */;
			targetProxy = 7106177C28D95E6800B366DE /* PBXContainerItemProxy */;
		};
		7106178728D95E6800B366DE /* PBXTargetDependency */ = {
			isa = PBXTargetDependency;
			target = 7106176128D95E6700B366DE /* LiveWallpaperr */;
			targetProxy = 7106178628D95E6800B366DE /* PBXContainerItemProxy */;
		};
/* End PBXTargetDependency section */

/* Begin PBXVariantGroup section */
		7106176B28D95E6700B366DE /* Main.storyboard */ = {
			isa = PBXVariantGroup;
			children = (
				7106176C28D95E6700B366DE /* Base */,
			);
			name = Main.storyboard;
			sourceTree = "<group>";
		};
		7106177328D95E6800B366DE /* LaunchScreen.storyboard */ = {
			isa = PBXVariantGroup;
			children = (
				7106177428D95E6800B366DE /* Base */,
			);
			name = LaunchScreen.storyboard;
			sourceTree = "<group>";
		};
/* End PBXVariantGroup section */

/* Begin XCBuildConfiguration section */
		7106178D28D95E6800B366DE /* Debug */ = {
			isa = XCBuildConfiguration;
			buildSettings = {
				ALWAYS_SEARCH_USER_PATHS = NO;
				CLANG_ANALYZER_NONNULL = YES;
				CLANG_ANALYZER_NUMBER_OBJECT_CONVERSION = YES_AGGRESSIVE;
				CLANG_CXX_LANGUAGE_STANDARD = "gnu++17";
				CLANG_ENABLE_MODULES = YES;
				CLANG_ENABLE_OBJC_ARC = YES;
				CLANG_ENABLE_OBJC_WEAK = YES;
				CLANG_WARN_BLOCK_CAPTURE_AUTORELEASING = YES;
				CLANG_WARN_BOOL_CONVERSION = YES;
				CLANG_WARN_COMMA = YES;
				CLANG_WARN_CONSTANT_CONVERSION = YES;
				CLANG_WARN_DEPRECATED_OBJC_IMPLEMENTATIONS = YES;
				CLANG_WARN_DIRECT_OBJC_ISA_USAGE = YES_ERROR;
				CLANG_WARN_DOCUMENTATION_COMMENTS = YES;
				CLANG_WARN_EMPTY_BODY = YES;
				CLANG_WARN_ENUM_CONVERSION = YES;
				CLANG_WARN_INFINITE_RECURSION = YES;
				CLANG_WARN_INT_CONVERSION = YES;
				CLANG_WARN_NON_LITERAL_NULL_CONVERSION = YES;
				CLANG_WARN_OBJC_IMPLICIT_RETAIN_SELF = YES;
				CLANG_WARN_OBJC_LITERAL_CONVERSION = YES;
				CLANG_WARN_OBJC_ROOT_CLASS = YES_ERROR;
				CLANG_WARN_QUOTED_INCLUDE_IN_FRAMEWORK_HEADER = YES;
				CLANG_WARN_RANGE_LOOP_ANALYSIS = YES;
				CLANG_WARN_STRICT_PROTOTYPES = YES;
				CLANG_WARN_SUSPICIOUS_MOVE = YES;
				CLANG_WARN_UNGUARDED_AVAILABILITY = YES_AGGRESSIVE;
				CLANG_WARN_UNREACHABLE_CODE = YES;
				CLANG_WARN__DUPLICATE_METHOD_MATCH = YES;
				COPY_PHASE_STRIP = NO;
				DEBUG_INFORMATION_FORMAT = dwarf;
				ENABLE_STRICT_OBJC_MSGSEND = YES;
				ENABLE_TESTABILITY = YES;
				GCC_C_LANGUAGE_STANDARD = gnu11;
				GCC_DYNAMIC_NO_PIC = NO;
				GCC_NO_COMMON_BLOCKS = YES;
				GCC_OPTIMIZATION_LEVEL = 0;
				GCC_PREPROCESSOR_DEFINITIONS = (
					"DEBUG=1",
					"$(inherited)",
				);
				GCC_WARN_64_TO_32_BIT_CONVERSION = YES;
				GCC_WARN_ABOUT_RETURN_TYPE = YES_ERROR;
				GCC_WARN_UNDECLARED_SELECTOR = YES;
				GCC_WARN_UNINITIALIZED_AUTOS = YES_AGGRESSIVE;
				GCC_WARN_UNUSED_FUNCTION = YES;
				GCC_WARN_UNUSED_VARIABLE = YES;
				IPHONEOS_DEPLOYMENT_TARGET = 15.4;
				MTL_ENABLE_DEBUG_INFO = INCLUDE_SOURCE;
				MTL_FAST_MATH = YES;
				ONLY_ACTIVE_ARCH = YES;
				SDKROOT = iphoneos;
				SWIFT_ACTIVE_COMPILATION_CONDITIONS = DEBUG;
				SWIFT_OPTIMIZATION_LEVEL = "-Onone";
			};
			name = Debug;
		};
		7106178E28D95E6800B366DE /* Release */ = {
			isa = XCBuildConfiguration;
			buildSettings = {
				ALWAYS_SEARCH_USER_PATHS = NO;
				CLANG_ANALYZER_NONNULL = YES;
				CLANG_ANALYZER_NUMBER_OBJECT_CONVERSION = YES_AGGRESSIVE;
				CLANG_CXX_LANGUAGE_STANDARD = "gnu++17";
				CLANG_ENABLE_MODULES = YES;
				CLANG_ENABLE_OBJC_ARC = YES;
				CLANG_ENABLE_OBJC_WEAK = YES;
				CLANG_WARN_BLOCK_CAPTURE_AUTORELEASING = YES;
				CLANG_WARN_BOOL_CONVERSION = YES;
				CLANG_WARN_COMMA = YES;
				CLANG_WARN_CONSTANT_CONVERSION = YES;
				CLANG_WARN_DEPRECATED_OBJC_IMPLEMENTATIONS = YES;
				CLANG_WARN_DIRECT_OBJC_ISA_USAGE = YES_ERROR;
				CLANG_WARN_DOCUMENTATION_COMMENTS = YES;
				CLANG_WARN_EMPTY_BODY = YES;
				CLANG_WARN_ENUM_CONVERSION = YES;
				CLANG_WARN_INFINITE_RECURSION = YES;
				CLANG_WARN_INT_CONVERSION = YES;
				CLANG_WARN_NON_LITERAL_NULL_CONVERSION = YES;
				CLANG_WARN_OBJC_IMPLICIT_RETAIN_SELF = YES;
				CLANG_WARN_OBJC_LITERAL_CONVERSION = YES;
				CLANG_WARN_OBJC_ROOT_CLASS = YES_ERROR;
				CLANG_WARN_QUOTED_INCLUDE_IN_FRAMEWORK_HEADER = YES;
				CLANG_WARN_RANGE_LOOP_ANALYSIS = YES;
				CLANG_WARN_STRICT_PROTOTYPES = YES;
				CLANG_WARN_SUSPICIOUS_MOVE = YES;
				CLANG_WARN_UNGUARDED_AVAILABILITY = YES_AGGRESSIVE;
				CLANG_WARN_UNREACHABLE_CODE = YES;
				CLANG_WARN__DUPLICATE_METHOD_MATCH = YES;
				COPY_PHASE_STRIP = NO;
				DEBUG_INFORMATION_FORMAT = "dwarf-with-dsym";
				ENABLE_NS_ASSERTIONS = NO;
				ENABLE_STRICT_OBJC_MSGSEND = YES;
				GCC_C_LANGUAGE_STANDARD = gnu11;
				GCC_NO_COMMON_BLOCKS = YES;
				GCC_WARN_64_TO_32_BIT_CONVERSION = YES;
				GCC_WARN_ABOUT_RETURN_TYPE = YES_ERROR;
				GCC_WARN_UNDECLARED_SELECTOR = YES;
				GCC_WARN_UNINITIALIZED_AUTOS = YES_AGGRESSIVE;
				GCC_WARN_UNUSED_FUNCTION = YES;
				GCC_WARN_UNUSED_VARIABLE = YES;
				IPHONEOS_DEPLOYMENT_TARGET = 15.4;
				MTL_ENABLE_DEBUG_INFO = NO;
				MTL_FAST_MATH = YES;
				SDKROOT = iphoneos;
				SWIFT_COMPILATION_MODE = wholemodule;
				SWIFT_OPTIMIZATION_LEVEL = "-O";
				VALIDATE_PRODUCT = YES;
			};
			name = Release;
		};
		7106179028D95E6800B366DE /* Debug */ = {
			isa = XCBuildConfiguration;
			buildSettings = {
				ASSETCATALOG_COMPILER_APPICON_NAME = AppIcon;
				ASSETCATALOG_COMPILER_GLOBAL_ACCENT_COLOR_NAME = AccentColor;
				CODE_SIGN_STYLE = Automatic;
				CURRENT_PROJECT_VERSION = 1;
				DEVELOPMENT_TEAM = WXHAH5T735;
				GENERATE_INFOPLIST_FILE = YES;
				INFOPLIST_FILE = LiveWallpaperr/Info.plist;
				INFOPLIST_KEY_UIApplicationSupportsIndirectInputEvents = YES;
				INFOPLIST_KEY_UILaunchStoryboardName = LaunchScreen;
				INFOPLIST_KEY_UIMainStoryboardFile = Main;
				INFOPLIST_KEY_UISupportedInterfaceOrientations_iPad = "UIInterfaceOrientationPortrait UIInterfaceOrientationPortraitUpsideDown UIInterfaceOrientationLandscapeLeft UIInterfaceOrientationLandscapeRight";
				INFOPLIST_KEY_UISupportedInterfaceOrientations_iPhone = "UIInterfaceOrientationPortrait UIInterfaceOrientationLandscapeLeft UIInterfaceOrientationLandscapeRight";
				LD_RUNPATH_SEARCH_PATHS = (
					"$(inherited)",
					"@executable_path/Frameworks",
				);
				MARKETING_VERSION = 1.0;
				PRODUCT_BUNDLE_IDENTIFIER = com.faysal.LiveWallpaperr;
				PRODUCT_NAME = "$(TARGET_NAME)";
				SWIFT_EMIT_LOC_STRINGS = YES;
				SWIFT_VERSION = 5.0;
				TARGETED_DEVICE_FAMILY = "1,2";
			};
			name = Debug;
		};
		7106179128D95E6800B366DE /* Release */ = {
			isa = XCBuildConfiguration;
			buildSettings = {
				ASSETCATALOG_COMPILER_APPICON_NAME = AppIcon;
				ASSETCATALOG_COMPILER_GLOBAL_ACCENT_COLOR_NAME = AccentColor;
				CODE_SIGN_STYLE = Automatic;
				CURRENT_PROJECT_VERSION = 1;
				DEVELOPMENT_TEAM = WXHAH5T735;
				GENERATE_INFOPLIST_FILE = YES;
				INFOPLIST_FILE = LiveWallpaperr/Info.plist;
				INFOPLIST_KEY_UIApplicationSupportsIndirectInputEvents = YES;
				INFOPLIST_KEY_UILaunchStoryboardName = LaunchScreen;
				INFOPLIST_KEY_UIMainStoryboardFile = Main;
				INFOPLIST_KEY_UISupportedInterfaceOrientations_iPad = "UIInterfaceOrientationPortrait UIInterfaceOrientationPortraitUpsideDown UIInterfaceOrientationLandscapeLeft UIInterfaceOrientationLandscapeRight";
				INFOPLIST_KEY_UISupportedInterfaceOrientations_iPhone = "UIInterfaceOrientationPortrait UIInterfaceOrientationLandscapeLeft UIInterfaceOrientationLandscapeRight";
				LD_RUNPATH_SEARCH_PATHS = (
					"$(inherited)",
					"@executable_path/Frameworks",
				);
				MARKETING_VERSION = 1.0;
				PRODUCT_BUNDLE_IDENTIFIER = com.faysal.LiveWallpaperr;
				PRODUCT_NAME = "$(TARGET_NAME)";
				SWIFT_EMIT_LOC_STRINGS = YES;
				SWIFT_VERSION = 5.0;
				TARGETED_DEVICE_FAMILY = "1,2";
			};
			name = Release;
		};
		7106179328D95E6800B366DE /* Debug */ = {
			isa = XCBuildConfiguration;
			buildSettings = {
				ALWAYS_EMBED_SWIFT_STANDARD_LIBRARIES = YES;
				BUNDLE_LOADER = "$(TEST_HOST)";
				CODE_SIGN_STYLE = Automatic;
				CURRENT_PROJECT_VERSION = 1;
				DEVELOPMENT_TEAM = WXHAH5T735;
				GENERATE_INFOPLIST_FILE = YES;
				IPHONEOS_DEPLOYMENT_TARGET = 15.4;
				MARKETING_VERSION = 1.0;
				PRODUCT_BUNDLE_IDENTIFIER = com.faysal.LiveWallpaperrTests;
				PRODUCT_NAME = "$(TARGET_NAME)";
				SWIFT_EMIT_LOC_STRINGS = NO;
				SWIFT_VERSION = 5.0;
				TARGETED_DEVICE_FAMILY = "1,2";
				TEST_HOST = "$(BUILT_PRODUCTS_DIR)/LiveWallpaperr.app/LiveWallpaperr";
			};
			name = Debug;
		};
		7106179428D95E6800B366DE /* Release */ = {
			isa = XCBuildConfiguration;
			buildSettings = {
				ALWAYS_EMBED_SWIFT_STANDARD_LIBRARIES = YES;
				BUNDLE_LOADER = "$(TEST_HOST)";
				CODE_SIGN_STYLE = Automatic;
				CURRENT_PROJECT_VERSION = 1;
				DEVELOPMENT_TEAM = WXHAH5T735;
				GENERATE_INFOPLIST_FILE = YES;
				IPHONEOS_DEPLOYMENT_TARGET = 15.4;
				MARKETING_VERSION = 1.0;
				PRODUCT_BUNDLE_IDENTIFIER = com.faysal.LiveWallpaperrTests;
				PRODUCT_NAME = "$(TARGET_NAME)";
				SWIFT_EMIT_LOC_STRINGS = NO;
				SWIFT_VERSION = 5.0;
				TARGETED_DEVICE_FAMILY = "1,2";
				TEST_HOST = "$(BUILT_PRODUCTS_DIR)/LiveWallpaperr.app/LiveWallpaperr";
			};
			name = Release;
		};
		7106179628D95E6800B366DE /* Debug */ = {
			isa = XCBuildConfiguration;
			buildSettings = {
				ALWAYS_EMBED_SWIFT_STANDARD_LIBRARIES = YES;
				CODE_SIGN_STYLE = Automatic;
				CURRENT_PROJECT_VERSION = 1;
				DEVELOPMENT_TEAM = WXHAH5T735;
				GENERATE_INFOPLIST_FILE = YES;
				MARKETING_VERSION = 1.0;
				PRODUCT_BUNDLE_IDENTIFIER = com.faysal.LiveWallpaperrUITests;
				PRODUCT_NAME = "$(TARGET_NAME)";
				SWIFT_EMIT_LOC_STRINGS = NO;
				SWIFT_VERSION = 5.0;
				TARGETED_DEVICE_FAMILY = "1,2";
				TEST_TARGET_NAME = LiveWallpaperr;
			};
			name = Debug;
		};
		7106179728D95E6800B366DE /* Release */ = {
			isa = XCBuildConfiguration;
			buildSettings = {
				ALWAYS_EMBED_SWIFT_STANDARD_LIBRARIES = YES;
				CODE_SIGN_STYLE = Automatic;
				CURRENT_PROJECT_VERSION = 1;
				DEVELOPMENT_TEAM = WXHAH5T735;
				GENERATE_INFOPLIST_FILE = YES;
				MARKETING_VERSION = 1.0;
				PRODUCT_BUNDLE_IDENTIFIER = com.faysal.LiveWallpaperrUITests;
				PRODUCT_NAME = "$(TARGET_NAME)";
				SWIFT_EMIT_LOC_STRINGS = NO;
				SWIFT_VERSION = 5.0;
				TARGETED_DEVICE_FAMILY = "1,2";
				TEST_TARGET_NAME = LiveWallpaperr;
			};
			name = Release;
		};
/* End XCBuildConfiguration section */

/* Begin XCConfigurationList section */
		7106175D28D95E6700B366DE /* Build configuration list for PBXProject "LiveWallpaperr" */ = {
			isa = XCConfigurationList;
			buildConfigurations = (
				7106178D28D95E6800B366DE /* Debug */,
				7106178E28D95E6800B366DE /* Release */,
			);
			defaultConfigurationIsVisible = 0;
			defaultConfigurationName = Release;
		};
		7106178F28D95E6800B366DE /* Build configuration list for PBXNativeTarget "LiveWallpaperr" */ = {
			isa = XCConfigurationList;
			buildConfigurations = (
				7106179028D95E6800B366DE /* Debug */,
				7106179128D95E6800B366DE /* Release */,
			);
			defaultConfigurationIsVisible = 0;
			defaultConfigurationName = Release;
		};
		7106179228D95E6800B366DE /* Build configuration list for PBXNativeTarget "LiveWallpaperrTests" */ = {
			isa = XCConfigurationList;
			buildConfigurations = (
				7106179328D95E6800B366DE /* Debug */,
				7106179428D95E6800B366DE /* Release */,
			);
			defaultConfigurationIsVisible = 0;
			defaultConfigurationName = Release;
		};
		7106179528D95E6800B366DE /* Build configuration list for PBXNativeTarget "LiveWallpaperrUITests" */ = {
			isa = XCConfigurationList;
			buildConfigurations = (
				7106179628D95E6800B366DE /* Debug */,
				7106179728D95E6800B366DE /* Release */,
			);
			defaultConfigurationIsVisible = 0;
			defaultConfigurationName = Release;
		};
/* End XCConfigurationList section */

/* Begin XCVersionGroup section */
		7106176E28D95E6700B366DE /* LiveWallpaperr.xcdatamodeld */ = {
			isa = XCVersionGroup;
			children = (
				7106176F28D95E6700B366DE /* LiveWallpaperr.xcdatamodel */,
			);
			currentVersion = 7106176F28D95E6700B366DE /* LiveWallpaperr.xcdatamodel */;
			path = LiveWallpaperr.xcdatamodeld;
			sourceTree = "<group>";
			versionGroupType = wrapper.xcdatamodel;
		};
/* End XCVersionGroup section */
	};
	rootObject = 7106175A28D95E6700B366DE /* Project object */;
}
