// !$*UTF8*$!
{
	archiveVersion = 1;
	classes = {
	};
	objectVersion = 55;
	objects = {

/* Begin PBXBuildFile section */
		7126FDBC28974CE1004349DC /* AppDelegate.swift in Sources */ = {isa = PBXBuildFile; fileRef = 7126FDBB28974CE1004349DC /* AppDelegate.swift */; };
		7126FDBE28974CE1004349DC /* SceneDelegate.swift in Sources */ = {isa = PBXBuildFile; fileRef = 7126FDBD28974CE1004349DC /* SceneDelegate.swift */; };
		7126FDC028974CE1004349DC /* ViewController.swift in Sources */ = {isa = PBXBuildFile; fileRef = 7126FDBF28974CE1004349DC /* ViewController.swift */; };
		7126FDC328974CE1004349DC /* Main.storyboard in Resources */ = {isa = PBXBuildFile; fileRef = 7126FDC128974CE1004349DC /* Main.storyboard */; };
		7126FDC628974CE1004349DC /* CustomTableViewGroup.xcdatamodeld in Sources */ = {isa = PBXBuildFile; fileRef = 7126FDC428974CE1004349DC /* CustomTableViewGroup.xcdatamodeld */; };
		7126FDC828974CE3004349DC /* Assets.xcassets in Resources */ = {isa = PBXBuildFile; fileRef = 7126FDC728974CE3004349DC /* Assets.xcassets */; };
		7126FDCB28974CE3004349DC /* LaunchScreen.storyboard in Resources */ = {isa = PBXBuildFile; fileRef = 7126FDC928974CE3004349DC /* LaunchScreen.storyboard */; };
		7126FDD628974CE3004349DC /* CustomTableViewGroupTests.swift in Sources */ = {isa = PBXBuildFile; fileRef = 7126FDD528974CE3004349DC /* CustomTableViewGroupTests.swift */; };
		7126FDE028974CE3004349DC /* CustomTableViewGroupUITests.swift in Sources */ = {isa = PBXBuildFile; fileRef = 7126FDDF28974CE3004349DC /* CustomTableViewGroupUITests.swift */; };
		7126FDE228974CE3004349DC /* CustomTableViewGroupUITestsLaunchTests.swift in Sources */ = {isa = PBXBuildFile; fileRef = 7126FDE128974CE3004349DC /* CustomTableViewGroupUITestsLaunchTests.swift */; };
		7126FDF7289778B4004349DC /* CustomTableViewCell.swift in Sources */ = {isa = PBXBuildFile; fileRef = 7126FDF6289778B4004349DC /* CustomTableViewCell.swift */; };
		7126FDF9289778C5004349DC /* CustomTableViewCell.xib in Resources */ = {isa = PBXBuildFile; fileRef = 7126FDF8289778C5004349DC /* CustomTableViewCell.xib */; };
/* End PBXBuildFile section */

/* Begin PBXContainerItemProxy section */
		7126FDD228974CE3004349DC /* PBXContainerItemProxy */ = {
			isa = PBXContainerItemProxy;
			containerPortal = 7126FDB028974CE1004349DC /* Project object */;
			proxyType = 1;
			remoteGlobalIDString = 7126FDB728974CE1004349DC;
			remoteInfo = CustomTableViewGroup;
		};
		7126FDDC28974CE3004349DC /* PBXContainerItemProxy */ = {
			isa = PBXContainerItemProxy;
			containerPortal = 7126FDB028974CE1004349DC /* Project object */;
			proxyType = 1;
			remoteGlobalIDString = 7126FDB728974CE1004349DC;
			remoteInfo = CustomTableViewGroup;
		};
/* End PBXContainerItemProxy section */

/* Begin PBXFileReference section */
		7126FDB828974CE1004349DC /* CustomTableViewGroup.app */ = {isa = PBXFileReference; explicitFileType = wrapper.application; includeInIndex = 0; path = CustomTableViewGroup.app; sourceTree = BUILT_PRODUCTS_DIR; };
		7126FDBB28974CE1004349DC /* AppDelegate.swift */ = {isa = PBXFileReference; lastKnownFileType = sourcecode.swift; path = AppDelegate.swift; sourceTree = "<group>"; };
		7126FDBD28974CE1004349DC /* SceneDelegate.swift */ = {isa = PBXFileReference; lastKnownFileType = sourcecode.swift; path = SceneDelegate.swift; sourceTree = "<group>"; };
		7126FDBF28974CE1004349DC /* ViewController.swift */ = {isa = PBXFileReference; lastKnownFileType = sourcecode.swift; path = ViewController.swift; sourceTree = "<group>"; };
		7126FDC228974CE1004349DC /* Base */ = {isa = PBXFileReference; lastKnownFileType = file.storyboard; name = Base; path = Base.lproj/Main.storyboard; sourceTree = "<group>"; };
		7126FDC528974CE1004349DC /* CustomTableViewGroup.xcdatamodel */ = {isa = PBXFileReference; lastKnownFileType = wrapper.xcdatamodel; path = CustomTableViewGroup.xcdatamodel; sourceTree = "<group>"; };
		7126FDC728974CE3004349DC /* Assets.xcassets */ = {isa = PBXFileReference; lastKnownFileType = folder.assetcatalog; path = Assets.xcassets; sourceTree = "<group>"; };
		7126FDCA28974CE3004349DC /* Base */ = {isa = PBXFileReference; lastKnownFileType = file.storyboard; name = Base; path = Base.lproj/LaunchScreen.storyboard; sourceTree = "<group>"; };
		7126FDCC28974CE3004349DC /* Info.plist */ = {isa = PBXFileReference; lastKnownFileType = text.plist.xml; path = Info.plist; sourceTree = "<group>"; };
		7126FDD128974CE3004349DC /* CustomTableViewGroupTests.xctest */ = {isa = PBXFileReference; explicitFileType = wrapper.cfbundle; includeInIndex = 0; path = CustomTableViewGroupTests.xctest; sourceTree = BUILT_PRODUCTS_DIR; };
		7126FDD528974CE3004349DC /* CustomTableViewGroupTests.swift */ = {isa = PBXFileReference; lastKnownFileType = sourcecode.swift; path = CustomTableViewGroupTests.swift; sourceTree = "<group>"; };
		7126FDDB28974CE3004349DC /* CustomTableViewGroupUITests.xctest */ = {isa = PBXFileReference; explicitFileType = wrapper.cfbundle; includeInIndex = 0; path = CustomTableViewGroupUITests.xctest; sourceTree = BUILT_PRODUCTS_DIR; };
		7126FDDF28974CE3004349DC /* CustomTableViewGroupUITests.swift */ = {isa = PBXFileReference; lastKnownFileType = sourcecode.swift; path = CustomTableViewGroupUITests.swift; sourceTree = "<group>"; };
		7126FDE128974CE3004349DC /* CustomTableViewGroupUITestsLaunchTests.swift */ = {isa = PBXFileReference; lastKnownFileType = sourcecode.swift; path = CustomTableViewGroupUITestsLaunchTests.swift; sourceTree = "<group>"; };
		7126FDF6289778B4004349DC /* CustomTableViewCell.swift */ = {isa = PBXFileReference; lastKnownFileType = sourcecode.swift; path = CustomTableViewCell.swift; sourceTree = "<group>"; };
		7126FDF8289778C5004349DC /* CustomTableViewCell.xib */ = {isa = PBXFileReference; lastKnownFileType = file.xib; path = CustomTableViewCell.xib; sourceTree = "<group>"; };
/* End PBXFileReference section */

/* Begin PBXFrameworksBuildPhase section */
		7126FDB528974CE1004349DC /* Frameworks */ = {
			isa = PBXFrameworksBuildPhase;
			buildActionMask = 2147483647;
			files = (
			);
			runOnlyForDeploymentPostprocessing = 0;
		};
		7126FDCE28974CE3004349DC /* Frameworks */ = {
			isa = PBXFrameworksBuildPhase;
			buildActionMask = 2147483647;
			files = (
			);
			runOnlyForDeploymentPostprocessing = 0;
		};
		7126FDD828974CE3004349DC /* Frameworks */ = {
			isa = PBXFrameworksBuildPhase;
			buildActionMask = 2147483647;
			files = (
			);
			runOnlyForDeploymentPostprocessing = 0;
		};
/* End PBXFrameworksBuildPhase section */

/* Begin PBXGroup section */
		7126FDAF28974CE1004349DC = {
			isa = PBXGroup;
			children = (
				7126FDBA28974CE1004349DC /* CustomTableViewGroup */,
				7126FDD428974CE3004349DC /* CustomTableViewGroupTests */,
				7126FDDE28974CE3004349DC /* CustomTableViewGroupUITests */,
				7126FDB928974CE1004349DC /* Products */,
			);
			sourceTree = "<group>";
		};
		7126FDB928974CE1004349DC /* Products */ = {
			isa = PBXGroup;
			children = (
				7126FDB828974CE1004349DC /* CustomTableViewGroup.app */,
				7126FDD128974CE3004349DC /* CustomTableViewGroupTests.xctest */,
				7126FDDB28974CE3004349DC /* CustomTableViewGroupUITests.xctest */,
			);
			name = Products;
			sourceTree = "<group>";
		};
		7126FDBA28974CE1004349DC /* CustomTableViewGroup */ = {
			isa = PBXGroup;
			children = (
				7126FDEE28974CFF004349DC /* System */,
				7126FDEF28974DC4004349DC /* Model */,
				7126FDF028974DCC004349DC /* View */,
				7126FDF128974DD3004349DC /* Controller */,
				7126FDC728974CE3004349DC /* Assets.xcassets */,
				7126FDC928974CE3004349DC /* LaunchScreen.storyboard */,
				7126FDCC28974CE3004349DC /* Info.plist */,
				7126FDC428974CE1004349DC /* CustomTableViewGroup.xcdatamodeld */,
			);
			path = CustomTableViewGroup;
			sourceTree = "<group>";
		};
		7126FDD428974CE3004349DC /* CustomTableViewGroupTests */ = {
			isa = PBXGroup;
			children = (
				7126FDD528974CE3004349DC /* CustomTableViewGroupTests.swift */,
			);
			path = CustomTableViewGroupTests;
			sourceTree = "<group>";
		};
		7126FDDE28974CE3004349DC /* CustomTableViewGroupUITests */ = {
			isa = PBXGroup;
			children = (
				7126FDDF28974CE3004349DC /* CustomTableViewGroupUITests.swift */,
				7126FDE128974CE3004349DC /* CustomTableViewGroupUITestsLaunchTests.swift */,
			);
			path = CustomTableViewGroupUITests;
			sourceTree = "<group>";
		};
		7126FDEE28974CFF004349DC /* System */ = {
			isa = PBXGroup;
			children = (
				7126FDBB28974CE1004349DC /* AppDelegate.swift */,
				7126FDBD28974CE1004349DC /* SceneDelegate.swift */,
			);
			path = System;
			sourceTree = "<group>";
		};
		7126FDEF28974DC4004349DC /* Model */ = {
			isa = PBXGroup;
			children = (
			);
			path = Model;
			sourceTree = "<group>";
		};
		7126FDF028974DCC004349DC /* View */ = {
			isa = PBXGroup;
			children = (
				7126FDF6289778B4004349DC /* CustomTableViewCell.swift */,
				7126FDF8289778C5004349DC /* CustomTableViewCell.xib */,
			);
			path = View;
			sourceTree = "<group>";
		};
		7126FDF128974DD3004349DC /* Controller */ = {
			isa = PBXGroup;
			children = (
				7126FDBF28974CE1004349DC /* ViewController.swift */,
				7126FDC128974CE1004349DC /* Main.storyboard */,
			);
			path = Controller;
			sourceTree = "<group>";
		};
/* End PBXGroup section */

/* Begin PBXNativeTarget section */
		7126FDB728974CE1004349DC /* CustomTableViewGroup */ = {
			isa = PBXNativeTarget;
			buildConfigurationList = 7126FDE528974CE3004349DC /* Build configuration list for PBXNativeTarget "CustomTableViewGroup" */;
			buildPhases = (
				7126FDB428974CE1004349DC /* Sources */,
				7126FDB528974CE1004349DC /* Frameworks */,
				7126FDB628974CE1004349DC /* Resources */,
			);
			buildRules = (
			);
			dependencies = (
			);
			name = CustomTableViewGroup;
			productName = CustomTableViewGroup;
			productReference = 7126FDB828974CE1004349DC /* CustomTableViewGroup.app */;
			productType = "com.apple.product-type.application";
		};
		7126FDD028974CE3004349DC /* CustomTableViewGroupTests */ = {
			isa = PBXNativeTarget;
			buildConfigurationList = 7126FDE828974CE3004349DC /* Build configuration list for PBXNativeTarget "CustomTableViewGroupTests" */;
			buildPhases = (
				7126FDCD28974CE3004349DC /* Sources */,
				7126FDCE28974CE3004349DC /* Frameworks */,
				7126FDCF28974CE3004349DC /* Resources */,
			);
			buildRules = (
			);
			dependencies = (
				7126FDD328974CE3004349DC /* PBXTargetDependency */,
			);
			name = CustomTableViewGroupTests;
			productName = CustomTableViewGroupTests;
			productReference = 7126FDD128974CE3004349DC /* CustomTableViewGroupTests.xctest */;
			productType = "com.apple.product-type.bundle.unit-test";
		};
		7126FDDA28974CE3004349DC /* CustomTableViewGroupUITests */ = {
			isa = PBXNativeTarget;
			buildConfigurationList = 7126FDEB28974CE3004349DC /* Build configuration list for PBXNativeTarget "CustomTableViewGroupUITests" */;
			buildPhases = (
				7126FDD728974CE3004349DC /* Sources */,
				7126FDD828974CE3004349DC /* Frameworks */,
				7126FDD928974CE3004349DC /* Resources */,
			);
			buildRules = (
			);
			dependencies = (
				7126FDDD28974CE3004349DC /* PBXTargetDependency */,
			);
			name = CustomTableViewGroupUITests;
			productName = CustomTableViewGroupUITests;
			productReference = 7126FDDB28974CE3004349DC /* CustomTableViewGroupUITests.xctest */;
			productType = "com.apple.product-type.bundle.ui-testing";
		};
/* End PBXNativeTarget section */

/* Begin PBXProject section */
		7126FDB028974CE1004349DC /* Project object */ = {
			isa = PBXProject;
			attributes = {
				BuildIndependentTargetsInParallel = 1;
				LastSwiftUpdateCheck = 1330;
				LastUpgradeCheck = 1330;
				TargetAttributes = {
					7126FDB728974CE1004349DC = {
						CreatedOnToolsVersion = 13.3.1;
					};
					7126FDD028974CE3004349DC = {
						CreatedOnToolsVersion = 13.3.1;
						TestTargetID = 7126FDB728974CE1004349DC;
					};
					7126FDDA28974CE3004349DC = {
						CreatedOnToolsVersion = 13.3.1;
						TestTargetID = 7126FDB728974CE1004349DC;
					};
				};
			};
			buildConfigurationList = 7126FDB328974CE1004349DC /* Build configuration list for PBXProject "CustomTableViewGroup" */;
			compatibilityVersion = "Xcode 13.0";
			developmentRegion = en;
			hasScannedForEncodings = 0;
			knownRegions = (
				en,
				Base,
			);
			mainGroup = 7126FDAF28974CE1004349DC;
			productRefGroup = 7126FDB928974CE1004349DC /* Products */;
			projectDirPath = "";
			projectRoot = "";
			targets = (
				7126FDB728974CE1004349DC /* CustomTableViewGroup */,
				7126FDD028974CE3004349DC /* CustomTableViewGroupTests */,
				7126FDDA28974CE3004349DC /* CustomTableViewGroupUITests */,
			);
		};
/* End PBXProject section */

/* Begin PBXResourcesBuildPhase section */
		7126FDB628974CE1004349DC /* Resources */ = {
			isa = PBXResourcesBuildPhase;
			buildActionMask = 2147483647;
			files = (
				7126FDCB28974CE3004349DC /* LaunchScreen.storyboard in Resources */,
				7126FDC828974CE3004349DC /* Assets.xcassets in Resources */,
				7126FDF9289778C5004349DC /* CustomTableViewCell.xib in Resources */,
				7126FDC328974CE1004349DC /* Main.storyboard in Resources */,
			);
			runOnlyForDeploymentPostprocessing = 0;
		};
		7126FDCF28974CE3004349DC /* Resources */ = {
			isa = PBXResourcesBuildPhase;
			buildActionMask = 2147483647;
			files = (
			);
			runOnlyForDeploymentPostprocessing = 0;
		};
		7126FDD928974CE3004349DC /* Resources */ = {
			isa = PBXResourcesBuildPhase;
			buildActionMask = 2147483647;
			files = (
			);
			runOnlyForDeploymentPostprocessing = 0;
		};
/* End PBXResourcesBuildPhase section */

/* Begin PBXSourcesBuildPhase section */
		7126FDB428974CE1004349DC /* Sources */ = {
			isa = PBXSourcesBuildPhase;
			buildActionMask = 2147483647;
			files = (
				7126FDC628974CE1004349DC /* CustomTableViewGroup.xcdatamodeld in Sources */,
				7126FDF7289778B4004349DC /* CustomTableViewCell.swift in Sources */,
				7126FDC028974CE1004349DC /* ViewController.swift in Sources */,
				7126FDBC28974CE1004349DC /* AppDelegate.swift in Sources */,
				7126FDBE28974CE1004349DC /* SceneDelegate.swift in Sources */,
			);
			runOnlyForDeploymentPostprocessing = 0;
		};
		7126FDCD28974CE3004349DC /* Sources */ = {
			isa = PBXSourcesBuildPhase;
			buildActionMask = 2147483647;
			files = (
				7126FDD628974CE3004349DC /* CustomTableViewGroupTests.swift in Sources */,
			);
			runOnlyForDeploymentPostprocessing = 0;
		};
		7126FDD728974CE3004349DC /* Sources */ = {
			isa = PBXSourcesBuildPhase;
			buildActionMask = 2147483647;
			files = (
				7126FDE028974CE3004349DC /* CustomTableViewGroupUITests.swift in Sources */,
				7126FDE228974CE3004349DC /* CustomTableViewGroupUITestsLaunchTests.swift in Sources */,
			);
			runOnlyForDeploymentPostprocessing = 0;
		};
/* End PBXSourcesBuildPhase section */

/* Begin PBXTargetDependency section */
		7126FDD328974CE3004349DC /* PBXTargetDependency */ = {
			isa = PBXTargetDependency;
			target = 7126FDB728974CE1004349DC /* CustomTableViewGroup */;
			targetProxy = 7126FDD228974CE3004349DC /* PBXContainerItemProxy */;
		};
		7126FDDD28974CE3004349DC /* PBXTargetDependency */ = {
			isa = PBXTargetDependency;
			target = 7126FDB728974CE1004349DC /* CustomTableViewGroup */;
			targetProxy = 7126FDDC28974CE3004349DC /* PBXContainerItemProxy */;
		};
/* End PBXTargetDependency section */

/* Begin PBXVariantGroup section */
		7126FDC128974CE1004349DC /* Main.storyboard */ = {
			isa = PBXVariantGroup;
			children = (
				7126FDC228974CE1004349DC /* Base */,
			);
			name = Main.storyboard;
			sourceTree = "<group>";
		};
		7126FDC928974CE3004349DC /* LaunchScreen.storyboard */ = {
			isa = PBXVariantGroup;
			children = (
				7126FDCA28974CE3004349DC /* Base */,
			);
			name = LaunchScreen.storyboard;
			sourceTree = "<group>";
		};
/* End PBXVariantGroup section */

/* Begin XCBuildConfiguration section */
		7126FDE328974CE3004349DC /* Debug */ = {
			isa = XCBuildConfiguration;
			buildSettings = {
				ALWAYS_SEARCH_USER_PATHS = NO;
				CLANG_ANALYZER_NONNULL = YES;
				CLANG_ANALYZER_NUMBER_OBJECT_CONVERSION = YES_AGGRESSIVE;
				CLANG_CXX_LANGUAGE_STANDARD = "gnu++17";
				CLANG_ENABLE_MODULES = YES;
				CLANG_ENABLE_OBJC_ARC = YES;
				CLANG_ENABLE_OBJC_WEAK = YES;
				CLANG_WARN_BLOCK_CAPTURE_AUTORELEASING = YES;
				CLANG_WARN_BOOL_CONVERSION = YES;
				CLANG_WARN_COMMA = YES;
				CLANG_WARN_CONSTANT_CONVERSION = YES;
				CLANG_WARN_DEPRECATED_OBJC_IMPLEMENTATIONS = YES;
				CLANG_WARN_DIRECT_OBJC_ISA_USAGE = YES_ERROR;
				CLANG_WARN_DOCUMENTATION_COMMENTS = YES;
				CLANG_WARN_EMPTY_BODY = YES;
				CLANG_WARN_ENUM_CONVERSION = YES;
				CLANG_WARN_INFINITE_RECURSION = YES;
				CLANG_WARN_INT_CONVERSION = YES;
				CLANG_WARN_NON_LITERAL_NULL_CONVERSION = YES;
				CLANG_WARN_OBJC_IMPLICIT_RETAIN_SELF = YES;
				CLANG_WARN_OBJC_LITERAL_CONVERSION = YES;
				CLANG_WARN_OBJC_ROOT_CLASS = YES_ERROR;
				CLANG_WARN_QUOTED_INCLUDE_IN_FRAMEWORK_HEADER = YES;
				CLANG_WARN_RANGE_LOOP_ANALYSIS = YES;
				CLANG_WARN_STRICT_PROTOTYPES = YES;
				CLANG_WARN_SUSPICIOUS_MOVE = YES;
				CLANG_WARN_UNGUARDED_AVAILABILITY = YES_AGGRESSIVE;
				CLANG_WARN_UNREACHABLE_CODE = YES;
				CLANG_WARN__DUPLICATE_METHOD_MATCH = YES;
				COPY_PHASE_STRIP = NO;
				DEBUG_INFORMATION_FORMAT = dwarf;
				ENABLE_STRICT_OBJC_MSGSEND = YES;
				ENABLE_TESTABILITY = YES;
				GCC_C_LANGUAGE_STANDARD = gnu11;
				GCC_DYNAMIC_NO_PIC = NO;
				GCC_NO_COMMON_BLOCKS = YES;
				GCC_OPTIMIZATION_LEVEL = 0;
				GCC_PREPROCESSOR_DEFINITIONS = (
					"DEBUG=1",
					"$(inherited)",
				);
				GCC_WARN_64_TO_32_BIT_CONVERSION = YES;
				GCC_WARN_ABOUT_RETURN_TYPE = YES_ERROR;
				GCC_WARN_UNDECLARED_SELECTOR = YES;
				GCC_WARN_UNINITIALIZED_AUTOS = YES_AGGRESSIVE;
				GCC_WARN_UNUSED_FUNCTION = YES;
				GCC_WARN_UNUSED_VARIABLE = YES;
				IPHONEOS_DEPLOYMENT_TARGET = 15.4;
				MTL_ENABLE_DEBUG_INFO = INCLUDE_SOURCE;
				MTL_FAST_MATH = YES;
				ONLY_ACTIVE_ARCH = YES;
				SDKROOT = iphoneos;
				SWIFT_ACTIVE_COMPILATION_CONDITIONS = DEBUG;
				SWIFT_OPTIMIZATION_LEVEL = "-Onone";
			};
			name = Debug;
		};
		7126FDE428974CE3004349DC /* Release */ = {
			isa = XCBuildConfiguration;
			buildSettings = {
				ALWAYS_SEARCH_USER_PATHS = NO;
				CLANG_ANALYZER_NONNULL = YES;
				CLANG_ANALYZER_NUMBER_OBJECT_CONVERSION = YES_AGGRESSIVE;
				CLANG_CXX_LANGUAGE_STANDARD = "gnu++17";
				CLANG_ENABLE_MODULES = YES;
				CLANG_ENABLE_OBJC_ARC = YES;
				CLANG_ENABLE_OBJC_WEAK = YES;
				CLANG_WARN_BLOCK_CAPTURE_AUTORELEASING = YES;
				CLANG_WARN_BOOL_CONVERSION = YES;
				CLANG_WARN_COMMA = YES;
				CLANG_WARN_CONSTANT_CONVERSION = YES;
				CLANG_WARN_DEPRECATED_OBJC_IMPLEMENTATIONS = YES;
				CLANG_WARN_DIRECT_OBJC_ISA_USAGE = YES_ERROR;
				CLANG_WARN_DOCUMENTATION_COMMENTS = YES;
				CLANG_WARN_EMPTY_BODY = YES;
				CLANG_WARN_ENUM_CONVERSION = YES;
				CLANG_WARN_INFINITE_RECURSION = YES;
				CLANG_WARN_INT_CONVERSION = YES;
				CLANG_WARN_NON_LITERAL_NULL_CONVERSION = YES;
				CLANG_WARN_OBJC_IMPLICIT_RETAIN_SELF = YES;
				CLANG_WARN_OBJC_LITERAL_CONVERSION = YES;
				CLANG_WARN_OBJC_ROOT_CLASS = YES_ERROR;
				CLANG_WARN_QUOTED_INCLUDE_IN_FRAMEWORK_HEADER = YES;
				CLANG_WARN_RANGE_LOOP_ANALYSIS = YES;
				CLANG_WARN_STRICT_PROTOTYPES = YES;
				CLANG_WARN_SUSPICIOUS_MOVE = YES;
				CLANG_WARN_UNGUARDED_AVAILABILITY = YES_AGGRESSIVE;
				CLANG_WARN_UNREACHABLE_CODE = YES;
				CLANG_WARN__DUPLICATE_METHOD_MATCH = YES;
				COPY_PHASE_STRIP = NO;
				DEBUG_INFORMATION_FORMAT = "dwarf-with-dsym";
				ENABLE_NS_ASSERTIONS = NO;
				ENABLE_STRICT_OBJC_MSGSEND = YES;
				GCC_C_LANGUAGE_STANDARD = gnu11;
				GCC_NO_COMMON_BLOCKS = YES;
				GCC_WARN_64_TO_32_BIT_CONVERSION = YES;
				GCC_WARN_ABOUT_RETURN_TYPE = YES_ERROR;
				GCC_WARN_UNDECLARED_SELECTOR = YES;
				GCC_WARN_UNINITIALIZED_AUTOS = YES_AGGRESSIVE;
				GCC_WARN_UNUSED_FUNCTION = YES;
				GCC_WARN_UNUSED_VARIABLE = YES;
				IPHONEOS_DEPLOYMENT_TARGET = 15.4;
				MTL_ENABLE_DEBUG_INFO = NO;
				MTL_FAST_MATH = YES;
				SDKROOT = iphoneos;
				SWIFT_COMPILATION_MODE = wholemodule;
				SWIFT_OPTIMIZATION_LEVEL = "-O";
				VALIDATE_PRODUCT = YES;
			};
			name = Release;
		};
		7126FDE628974CE3004349DC /* Debug */ = {
			isa = XCBuildConfiguration;
			buildSettings = {
				ASSETCATALOG_COMPILER_APPICON_NAME = AppIcon;
				ASSETCATALOG_COMPILER_GLOBAL_ACCENT_COLOR_NAME = AccentColor;
				CODE_SIGN_STYLE = Automatic;
				CURRENT_PROJECT_VERSION = 1;
				DEVELOPMENT_TEAM = WXHAH5T735;
				GENERATE_INFOPLIST_FILE = YES;
				INFOPLIST_FILE = CustomTableViewGroup/Info.plist;
				INFOPLIST_KEY_UIApplicationSupportsIndirectInputEvents = YES;
				INFOPLIST_KEY_UILaunchStoryboardName = LaunchScreen;
				INFOPLIST_KEY_UIMainStoryboardFile = Main;
				INFOPLIST_KEY_UISupportedInterfaceOrientations_iPad = "UIInterfaceOrientationPortrait UIInterfaceOrientationPortraitUpsideDown UIInterfaceOrientationLandscapeLeft UIInterfaceOrientationLandscapeRight";
				INFOPLIST_KEY_UISupportedInterfaceOrientations_iPhone = "UIInterfaceOrientationPortrait UIInterfaceOrientationLandscapeLeft UIInterfaceOrientationLandscapeRight";
				LD_RUNPATH_SEARCH_PATHS = (
					"$(inherited)",
					"@executable_path/Frameworks",
				);
				MARKETING_VERSION = 1.0;
				PRODUCT_BUNDLE_IDENTIFIER = com.faysal.CustomTableViewGroup;
				PRODUCT_NAME = "$(TARGET_NAME)";
				SWIFT_EMIT_LOC_STRINGS = YES;
				SWIFT_VERSION = 5.0;
				TARGETED_DEVICE_FAMILY = "1,2";
			};
			name = Debug;
		};
		7126FDE728974CE3004349DC /* Release */ = {
			isa = XCBuildConfiguration;
			buildSettings = {
				ASSETCATALOG_COMPILER_APPICON_NAME = AppIcon;
				ASSETCATALOG_COMPILER_GLOBAL_ACCENT_COLOR_NAME = AccentColor;
				CODE_SIGN_STYLE = Automatic;
				CURRENT_PROJECT_VERSION = 1;
				DEVELOPMENT_TEAM = WXHAH5T735;
				GENERATE_INFOPLIST_FILE = YES;
				INFOPLIST_FILE = CustomTableViewGroup/Info.plist;
				INFOPLIST_KEY_UIApplicationSupportsIndirectInputEvents = YES;
				INFOPLIST_KEY_UILaunchStoryboardName = LaunchScreen;
				INFOPLIST_KEY_UIMainStoryboardFile = Main;
				INFOPLIST_KEY_UISupportedInterfaceOrientations_iPad = "UIInterfaceOrientationPortrait UIInterfaceOrientationPortraitUpsideDown UIInterfaceOrientationLandscapeLeft UIInterfaceOrientationLandscapeRight";
				INFOPLIST_KEY_UISupportedInterfaceOrientations_iPhone = "UIInterfaceOrientationPortrait UIInterfaceOrientationLandscapeLeft UIInterfaceOrientationLandscapeRight";
				LD_RUNPATH_SEARCH_PATHS = (
					"$(inherited)",
					"@executable_path/Frameworks",
				);
				MARKETING_VERSION = 1.0;
				PRODUCT_BUNDLE_IDENTIFIER = com.faysal.CustomTableViewGroup;
				PRODUCT_NAME = "$(TARGET_NAME)";
				SWIFT_EMIT_LOC_STRINGS = YES;
				SWIFT_VERSION = 5.0;
				TARGETED_DEVICE_FAMILY = "1,2";
			};
			name = Release;
		};
		7126FDE928974CE3004349DC /* Debug */ = {
			isa = XCBuildConfiguration;
			buildSettings = {
				ALWAYS_EMBED_SWIFT_STANDARD_LIBRARIES = YES;
				BUNDLE_LOADER = "$(TEST_HOST)";
				CODE_SIGN_STYLE = Automatic;
				CURRENT_PROJECT_VERSION = 1;
				DEVELOPMENT_TEAM = WXHAH5T735;
				GENERATE_INFOPLIST_FILE = YES;
				IPHONEOS_DEPLOYMENT_TARGET = 15.4;
				MARKETING_VERSION = 1.0;
				PRODUCT_BUNDLE_IDENTIFIER = com.faysal.CustomTableViewGroupTests;
				PRODUCT_NAME = "$(TARGET_NAME)";
				SWIFT_EMIT_LOC_STRINGS = NO;
				SWIFT_VERSION = 5.0;
				TARGETED_DEVICE_FAMILY = "1,2";
				TEST_HOST = "$(BUILT_PRODUCTS_DIR)/CustomTableViewGroup.app/CustomTableViewGroup";
			};
			name = Debug;
		};
		7126FDEA28974CE3004349DC /* Release */ = {
			isa = XCBuildConfiguration;
			buildSettings = {
				ALWAYS_EMBED_SWIFT_STANDARD_LIBRARIES = YES;
				BUNDLE_LOADER = "$(TEST_HOST)";
				CODE_SIGN_STYLE = Automatic;
				CURRENT_PROJECT_VERSION = 1;
				DEVELOPMENT_TEAM = WXHAH5T735;
				GENERATE_INFOPLIST_FILE = YES;
				IPHONEOS_DEPLOYMENT_TARGET = 15.4;
				MARKETING_VERSION = 1.0;
				PRODUCT_BUNDLE_IDENTIFIER = com.faysal.CustomTableViewGroupTests;
				PRODUCT_NAME = "$(TARGET_NAME)";
				SWIFT_EMIT_LOC_STRINGS = NO;
				SWIFT_VERSION = 5.0;
				TARGETED_DEVICE_FAMILY = "1,2";
				TEST_HOST = "$(BUILT_PRODUCTS_DIR)/CustomTableViewGroup.app/CustomTableViewGroup";
			};
			name = Release;
		};
		7126FDEC28974CE3004349DC /* Debug */ = {
			isa = XCBuildConfiguration;
			buildSettings = {
				ALWAYS_EMBED_SWIFT_STANDARD_LIBRARIES = YES;
				CODE_SIGN_STYLE = Automatic;
				CURRENT_PROJECT_VERSION = 1;
				DEVELOPMENT_TEAM = WXHAH5T735;
				GENERATE_INFOPLIST_FILE = YES;
				MARKETING_VERSION = 1.0;
				PRODUCT_BUNDLE_IDENTIFIER = com.faysal.CustomTableViewGroupUITests;
				PRODUCT_NAME = "$(TARGET_NAME)";
				SWIFT_EMIT_LOC_STRINGS = NO;
				SWIFT_VERSION = 5.0;
				TARGETED_DEVICE_FAMILY = "1,2";
				TEST_TARGET_NAME = CustomTableViewGroup;
			};
			name = Debug;
		};
		7126FDED28974CE3004349DC /* Release */ = {
			isa = XCBuildConfiguration;
			buildSettings = {
				ALWAYS_EMBED_SWIFT_STANDARD_LIBRARIES = YES;
				CODE_SIGN_STYLE = Automatic;
				CURRENT_PROJECT_VERSION = 1;
				DEVELOPMENT_TEAM = WXHAH5T735;
				GENERATE_INFOPLIST_FILE = YES;
				MARKETING_VERSION = 1.0;
				PRODUCT_BUNDLE_IDENTIFIER = com.faysal.CustomTableViewGroupUITests;
				PRODUCT_NAME = "$(TARGET_NAME)";
				SWIFT_EMIT_LOC_STRINGS = NO;
				SWIFT_VERSION = 5.0;
				TARGETED_DEVICE_FAMILY = "1,2";
				TEST_TARGET_NAME = CustomTableViewGroup;
			};
			name = Release;
		};
/* End XCBuildConfiguration section */

/* Begin XCConfigurationList section */
		7126FDB328974CE1004349DC /* Build configuration list for PBXProject "CustomTableViewGroup" */ = {
			isa = XCConfigurationList;
			buildConfigurations = (
				7126FDE328974CE3004349DC /* Debug */,
				7126FDE428974CE3004349DC /* Release */,
			);
			defaultConfigurationIsVisible = 0;
			defaultConfigurationName = Release;
		};
		7126FDE528974CE3004349DC /* Build configuration list for PBXNativeTarget "CustomTableViewGroup" */ = {
			isa = XCConfigurationList;
			buildConfigurations = (
				7126FDE628974CE3004349DC /* Debug */,
				7126FDE728974CE3004349DC /* Release */,
			);
			defaultConfigurationIsVisible = 0;
			defaultConfigurationName = Release;
		};
		7126FDE828974CE3004349DC /* Build configuration list for PBXNativeTarget "CustomTableViewGroupTests" */ = {
			isa = XCConfigurationList;
			buildConfigurations = (
				7126FDE928974CE3004349DC /* Debug */,
				7126FDEA28974CE3004349DC /* Release */,
			);
			defaultConfigurationIsVisible = 0;
			defaultConfigurationName = Release;
		};
		7126FDEB28974CE3004349DC /* Build configuration list for PBXNativeTarget "CustomTableViewGroupUITests" */ = {
			isa = XCConfigurationList;
			buildConfigurations = (
				7126FDEC28974CE3004349DC /* Debug */,
				7126FDED28974CE3004349DC /* Release */,
			);
			defaultConfigurationIsVisible = 0;
			defaultConfigurationName = Release;
		};
/* End XCConfigurationList section */

/* Begin XCVersionGroup section */
		7126FDC428974CE1004349DC /* CustomTableViewGroup.xcdatamodeld */ = {
			isa = XCVersionGroup;
			children = (
				7126FDC528974CE1004349DC /* CustomTableViewGroup.xcdatamodel */,
			);
			currentVersion = 7126FDC528974CE1004349DC /* CustomTableViewGroup.xcdatamodel */;
			path = CustomTableViewGroup.xcdatamodeld;
			sourceTree = "<group>";
			versionGroupType = wrapper.xcdatamodel;
		};
/* End XCVersionGroup section */
	};
	rootObject = 7126FDB028974CE1004349DC /* Project object */;
}
